
Microsoft Visual Studio Solution File, Format Version 12.00
# Visual Studio Version 17
VisualStudioVersion = 17.6.33717.318
MinimumVisualStudioVersion = 10.0.40219.1
Project("{9A19103F-16F7-4668-BE54-9A1E7A4F7556}") = "LambdaPipelines", "LambdaPipelines\LambdaPipelines.csproj", "{EACEC859-996A-4F49-A86B-096D4205A20C}"
EndProject
Global
	GlobalSection(SolutionConfigurationPlatforms) = preSolution
		Debug|Any CPU = Debug|Any CPU
		Release|Any CPU = Release|Any CPU
	EndGlobalSection
	GlobalSection(ProjectConfigurationPlatforms) = postSolution
		{EACEC859-996A-4F49-A86B-096D4205A20C}.Debug|Any CPU.ActiveCfg = Debug|Any CPU
		{EACEC859-996A-4F49-A86B-096D4205A20C}.Debug|Any CPU.Build.0 = Debug|Any CPU
		{EACEC859-996A-4F49-A86B-096D4205A20C}.Release|Any CPU.ActiveCfg = Release|Any CPU
		{EACEC859-996A-4F49-A86B-096D4205A20C}.Release|Any CPU.Build.0 = Release|Any CPU
	EndGlobalSection
	GlobalSection(SolutionProperties) = preSolution
		HideSolutionNode = FALSE
	EndGlobalSection
	GlobalSection(ExtensibilityGlobals) = postSolution
		SolutionGuid = {9C955A99-03F3-4742-956E-D3CA116AB96C}
	EndGlobalSection
EndGlobal
